// !$*UTF8*$!
{
	archiveVersion = 1;
	classes = {
	};
	objectVersion = 50;
	objects = {

/* Begin PBXBuildFile section */
		616A38C3252BDE260019F3BB /* Deck.swift in Sources */ = {isa = PBXBuildFile; fileRef = 616A38C2252BDE260019F3BB /* Deck.swift */; };
		616AF149252F40940000FB9D /* Controller.swift in Sources */ = {isa = PBXBuildFile; fileRef = 616AF148252F40940000FB9D /* Controller.swift */; };
		6175845F252BF96D00B77FDA /* Hand.swift in Sources */ = {isa = PBXBuildFile; fileRef = 6175845E252BF96D00B77FDA /* Hand.swift */; };
		6175DA75252CFF9D00F45B39 /* main.swift in Sources */ = {isa = PBXBuildFile; fileRef = 6175DA74252CFF9D00F45B39 /* main.swift */; };
		61B38EF2252D72F60029FFA8 /* ReaderWriter.swift in Sources */ = {isa = PBXBuildFile; fileRef = 61B38EF1252D72F60029FFA8 /* ReaderWriter.swift */; };
		61B68264252C0D5B00A79AD7 /* Game.swift in Sources */ = {isa = PBXBuildFile; fileRef = 61B68263252C0D5B00A79AD7 /* Game.swift */; };
		61CBC07F252D58B200626EB2 /* Card.swift in Sources */ = {isa = PBXBuildFile; fileRef = 61CBC07E252D58B200626EB2 /* Card.swift */; };
/* End PBXBuildFile section */

/* Begin PBXCopyFilesBuildPhase section */
		616A38BD252BDE260019F3BB /* CopyFiles */ = {
			isa = PBXCopyFilesBuildPhase;
			buildActionMask = 2147483647;
			dstPath = /usr/share/man/man1/;
			dstSubfolderSpec = 0;
			files = (
			);
			runOnlyForDeploymentPostprocessing = 1;
		};
/* End PBXCopyFilesBuildPhase section */

/* Begin PBXFileReference section */
		616A38BF252BDE260019F3BB /* BlackJack */ = {isa = PBXFileReference; explicitFileType = "compiled.mach-o.executable"; includeInIndex = 0; path = BlackJack; sourceTree = BUILT_PRODUCTS_DIR; };
		616A38C2252BDE260019F3BB /* Deck.swift */ = {isa = PBXFileReference; lastKnownFileType = sourcecode.swift; path = Deck.swift; sourceTree = "<group>"; };
		616AF148252F40940000FB9D /* Controller.swift */ = {isa = PBXFileReference; lastKnownFileType = sourcecode.swift; path = Controller.swift; sourceTree = "<group>"; };
		6175845E252BF96D00B77FDA /* Hand.swift */ = {isa = PBXFileReference; lastKnownFileType = sourcecode.swift; path = Hand.swift; sourceTree = "<group>"; };
		6175DA74252CFF9D00F45B39 /* main.swift */ = {isa = PBXFileReference; lastKnownFileType = sourcecode.swift; path = main.swift; sourceTree = "<group>"; };
		6175DA96252D1EC100F45B39 /* BlackJackTests.swift */ = {isa = PBXFileReference; lastKnownFileType = sourcecode.swift; path = BlackJackTests.swift; sourceTree = "<group>"; };
		6175DA98252D1EC100F45B39 /* Info.plist */ = {isa = PBXFileReference; lastKnownFileType = text.plist.xml; path = Info.plist; sourceTree = "<group>"; };
		61B38EF1252D72F60029FFA8 /* ReaderWriter.swift */ = {isa = PBXFileReference; lastKnownFileType = sourcecode.swift; path = ReaderWriter.swift; sourceTree = "<group>"; };
		61B68263252C0D5B00A79AD7 /* Game.swift */ = {isa = PBXFileReference; lastKnownFileType = sourcecode.swift; path = Game.swift; sourceTree = "<group>"; };
		61CBC07E252D58B200626EB2 /* Card.swift */ = {isa = PBXFileReference; lastKnownFileType = sourcecode.swift; path = Card.swift; sourceTree = "<group>"; };
/* End PBXFileReference section */

/* Begin PBXFrameworksBuildPhase section */
		616A38BC252BDE260019F3BB /* Frameworks */ = {
			isa = PBXFrameworksBuildPhase;
			buildActionMask = 2147483647;
			files = (
			);
			runOnlyForDeploymentPostprocessing = 0;
		};
/* End PBXFrameworksBuildPhase section */

/* Begin PBXGroup section */
		616A38B6252BDE260019F3BB = {
			isa = PBXGroup;
			children = (
				616A38C1252BDE260019F3BB /* BlackJack */,
				6175DA95252D1EC100F45B39 /* BlackJackTests */,
				616A38C0252BDE260019F3BB /* Products */,
			);
			sourceTree = "<group>";
		};
		616A38C0252BDE260019F3BB /* Products */ = {
			isa = PBXGroup;
			children = (
				616A38BF252BDE260019F3BB /* BlackJack */,
			);
			name = Products;
			sourceTree = "<group>";
		};
		616A38C1252BDE260019F3BB /* BlackJack */ = {
			isa = PBXGroup;
			children = (
				616AF14C252F615F0000FB9D /* View */,
				616AF14B252F61550000FB9D /* Controllers */,
				616AF14A252F61240000FB9D /* Models */,
				6175DA74252CFF9D00F45B39 /* main.swift */,
			);
			path = BlackJack;
			sourceTree = "<group>";
		};
		616AF14A252F61240000FB9D /* Models */ = {
			isa = PBXGroup;
			children = (
				61CBC07E252D58B200626EB2 /* Card.swift */,
				616A38C2252BDE260019F3BB /* Deck.swift */,
				6175845E252BF96D00B77FDA /* Hand.swift */,
				61B68263252C0D5B00A79AD7 /* Game.swift */,
			);
			path = Models;
			sourceTree = "<group>";
		};
		616AF14B252F61550000FB9D /* Controllers */ = {
			isa = PBXGroup;
			children = (
				616AF148252F40940000FB9D /* Controller.swift */,
			);
			path = Controllers;
			sourceTree = "<group>";
		};
		616AF14C252F615F0000FB9D /* View */ = {
			isa = PBXGroup;
			children = (
				61B38EF1252D72F60029FFA8 /* ReaderWriter.swift */,
			);
			path = View;
			sourceTree = "<group>";
		};
		6175DA95252D1EC100F45B39 /* BlackJackTests */ = {
			isa = PBXGroup;
			children = (
				6175DA96252D1EC100F45B39 /* BlackJackTests.swift */,
				6175DA98252D1EC100F45B39 /* Info.plist */,
			);
			path = BlackJackTests;
			sourceTree = "<group>";
		};
/* End PBXGroup section */

/* Begin PBXNativeTarget section */
		616A38BE252BDE260019F3BB /* BlackJack */ = {
			isa = PBXNativeTarget;
			buildConfigurationList = 616A38C6252BDE260019F3BB /* Build configuration list for PBXNativeTarget "BlackJack" */;
			buildPhases = (
				616A38BB252BDE260019F3BB /* Sources */,
				616A38BC252BDE260019F3BB /* Frameworks */,
				616A38BD252BDE260019F3BB /* CopyFiles */,
			);
			buildRules = (
			);
			dependencies = (
			);
			name = BlackJack;
			productName = BlackJack;
			productReference = 616A38BF252BDE260019F3BB /* BlackJack */;
			productType = "com.apple.product-type.tool";
		};
/* End PBXNativeTarget section */

/* Begin PBXProject section */
		616A38B7252BDE260019F3BB /* Project object */ = {
			isa = PBXProject;
			attributes = {
				LastSwiftUpdateCheck = 1110;
				LastUpgradeCheck = 1110;
				ORGANIZATIONNAME = "φλεξ";
				TargetAttributes = {
					616A38BE252BDE260019F3BB = {
						CreatedOnToolsVersion = 11.1;
					};
				};
			};
			buildConfigurationList = 616A38BA252BDE260019F3BB /* Build configuration list for PBXProject "BlackJack" */;
			compatibilityVersion = "Xcode 9.3";
			developmentRegion = en;
			hasScannedForEncodings = 0;
			knownRegions = (
				en,
				Base,
			);
			mainGroup = 616A38B6252BDE260019F3BB;
			productRefGroup = 616A38C0252BDE260019F3BB /* Products */;
			projectDirPath = "";
			projectRoot = "";
			targets = (
				616A38BE252BDE260019F3BB /* BlackJack */,
			);
		};
/* End PBXProject section */

/* Begin PBXSourcesBuildPhase section */
		616A38BB252BDE260019F3BB /* Sources */ = {
			isa = PBXSourcesBuildPhase;
			buildActionMask = 2147483647;
			files = (
				6175DA75252CFF9D00F45B39 /* main.swift in Sources */,
				61B38EF2252D72F60029FFA8 /* ReaderWriter.swift in Sources */,
				616A38C3252BDE260019F3BB /* Deck.swift in Sources */,
				61CBC07F252D58B200626EB2 /* Card.swift in Sources */,
				6175845F252BF96D00B77FDA /* Hand.swift in Sources */,
				61B68264252C0D5B00A79AD7 /* Game.swift in Sources */,
				616AF149252F40940000FB9D /* Controller.swift in Sources */,
			);
			runOnlyForDeploymentPostprocessing = 0;
		};
/* End PBXSourcesBuildPhase section */

/* Begin XCBuildConfiguration section */
		616A38C4252BDE260019F3BB /* Debug */ = {
			isa = XCBuildConfiguration;
			buildSettings = {
				ALWAYS_SEARCH_USER_PATHS = NO;
				CLANG_ANALYZER_NONNULL = YES;
				CLANG_ANALYZER_NUMBER_OBJECT_CONVERSION = YES_AGGRESSIVE;
				CLANG_CXX_LANGUAGE_STANDARD = "gnu++14";
				CLANG_CXX_LIBRARY = "libc++";
				CLANG_ENABLE_MODULES = YES;
				CLANG_ENABLE_OBJC_ARC = YES;
				CLANG_ENABLE_OBJC_WEAK = YES;
				CLANG_WARN_BLOCK_CAPTURE_AUTORELEASING = YES;
				CLANG_WARN_BOOL_CONVERSION = YES;
				CLANG_WARN_COMMA = YES;
				CLANG_WARN_CONSTANT_CONVERSION = YES;
				CLANG_WARN_DEPRECATED_OBJC_IMPLEMENTATIONS = YES;
				CLANG_WARN_DIRECT_OBJC_ISA_USAGE = YES_ERROR;
				CLANG_WARN_DOCUMENTATION_COMMENTS = YES;
				CLANG_WARN_EMPTY_BODY = YES;
				CLANG_WARN_ENUM_CONVERSION = YES;
				CLANG_WARN_INFINITE_RECURSION = YES;
				CLANG_WARN_INT_CONVERSION = YES;
				CLANG_WARN_NON_LITERAL_NULL_CONVERSION = YES;
				CLANG_WARN_OBJC_IMPLICIT_RETAIN_SELF = YES;
				CLANG_WARN_OBJC_LITERAL_CONVERSION = YES;
				CLANG_WARN_OBJC_ROOT_CLASS = YES_ERROR;
				CLANG_WARN_RANGE_LOOP_ANALYSIS = YES;
				CLANG_WARN_STRICT_PROTOTYPES = YES;
				CLANG_WARN_SUSPICIOUS_MOVE = YES;
				CLANG_WARN_UNGUARDED_AVAILABILITY = YES_AGGRESSIVE;
				CLANG_WARN_UNREACHABLE_CODE = YES;
				CLANG_WARN__DUPLICATE_METHOD_MATCH = YES;
				COPY_PHASE_STRIP = NO;
				DEBUG_INFORMATION_FORMAT = dwarf;
				ENABLE_STRICT_OBJC_MSGSEND = YES;
				ENABLE_TESTABILITY = YES;
				GCC_C_LANGUAGE_STANDARD = gnu11;
				GCC_DYNAMIC_NO_PIC = NO;
				GCC_NO_COMMON_BLOCKS = YES;
				GCC_OPTIMIZATION_LEVEL = 0;
				GCC_PREPROCESSOR_DEFINITIONS = (
					"DEBUG=1",
					"$(inherited)",
				);
				GCC_WARN_64_TO_32_BIT_CONVERSION = YES;
				GCC_WARN_ABOUT_RETURN_TYPE = YES_ERROR;
				GCC_WARN_UNDECLARED_SELECTOR = YES;
				GCC_WARN_UNINITIALIZED_AUTOS = YES_AGGRESSIVE;
				GCC_WARN_UNUSED_FUNCTION = YES;
				GCC_WARN_UNUSED_VARIABLE = YES;
				MACOSX_DEPLOYMENT_TARGET = 10.15;
				MTL_ENABLE_DEBUG_INFO = INCLUDE_SOURCE;
				MTL_FAST_MATH = YES;
				ONLY_ACTIVE_ARCH = YES;
				SDKROOT = macosx;
				SWIFT_ACTIVE_COMPILATION_CONDITIONS = DEBUG;
				SWIFT_OPTIMIZATION_LEVEL = "-Onone";
			};
			name = Debug;
		};
		616A38C5252BDE260019F3BB /* Release */ = {
			isa = XCBuildConfiguration;
			buildSettings = {
				ALWAYS_SEARCH_USER_PATHS = NO;
				CLANG_ANALYZER_NONNULL = YES;
				CLANG_ANALYZER_NUMBER_OBJECT_CONVERSION = YES_AGGRESSIVE;
				CLANG_CXX_LANGUAGE_STANDARD = "gnu++14";
				CLANG_CXX_LIBRARY = "libc++";
				CLANG_ENABLE_MODULES = YES;
				CLANG_ENABLE_OBJC_ARC = YES;
				CLANG_ENABLE_OBJC_WEAK = YES;
				CLANG_WARN_BLOCK_CAPTURE_AUTORELEASING = YES;
				CLANG_WARN_BOOL_CONVERSION = YES;
				CLANG_WARN_COMMA = YES;
				CLANG_WARN_CONSTANT_CONVERSION = YES;
				CLANG_WARN_DEPRECATED_OBJC_IMPLEMENTATIONS = YES;
				CLANG_WARN_DIRECT_OBJC_ISA_USAGE = YES_ERROR;
				CLANG_WARN_DOCUMENTATION_COMMENTS = YES;
				CLANG_WARN_EMPTY_BODY = YES;
				CLANG_WARN_ENUM_CONVERSION = YES;
				CLANG_WARN_INFINITE_RECURSION = YES;
				CLANG_WARN_INT_CONVERSION = YES;
				CLANG_WARN_NON_LITERAL_NULL_CONVERSION = YES;
				CLANG_WARN_OBJC_IMPLICIT_RETAIN_SELF = YES;
				CLANG_WARN_OBJC_LITERAL_CONVERSION = YES;
				CLANG_WARN_OBJC_ROOT_CLASS = YES_ERROR;
				CLANG_WARN_RANGE_LOOP_ANALYSIS = YES;
				CLANG_WARN_STRICT_PROTOTYPES = YES;
				CLANG_WARN_SUSPICIOUS_MOVE = YES;
				CLANG_WARN_UNGUARDED_AVAILABILITY = YES_AGGRESSIVE;
				CLANG_WARN_UNREACHABLE_CODE = YES;
				CLANG_WARN__DUPLICATE_METHOD_MATCH = YES;
				COPY_PHASE_STRIP = NO;
				DEBUG_INFORMATION_FORMAT = "dwarf-with-dsym";
				ENABLE_NS_ASSERTIONS = NO;
				ENABLE_STRICT_OBJC_MSGSEND = YES;
				ENABLE_TESTABILITY = YES;
				GCC_C_LANGUAGE_STANDARD = gnu11;
				GCC_NO_COMMON_BLOCKS = YES;
				GCC_WARN_64_TO_32_BIT_CONVERSION = YES;
				GCC_WARN_ABOUT_RETURN_TYPE = YES_ERROR;
				GCC_WARN_UNDECLARED_SELECTOR = YES;
				GCC_WARN_UNINITIALIZED_AUTOS = YES_AGGRESSIVE;
				GCC_WARN_UNUSED_FUNCTION = YES;
				GCC_WARN_UNUSED_VARIABLE = YES;
				MACOSX_DEPLOYMENT_TARGET = 10.15;
				MTL_ENABLE_DEBUG_INFO = NO;
				MTL_FAST_MATH = YES;
				SDKROOT = macosx;
				SWIFT_COMPILATION_MODE = wholemodule;
				SWIFT_OPTIMIZATION_LEVEL = "-O";
			};
			name = Release;
		};
		616A38C7252BDE260019F3BB /* Debug */ = {
			isa = XCBuildConfiguration;
			buildSettings = {
				CODE_SIGN_STYLE = Automatic;
				PRODUCT_NAME = "$(TARGET_NAME)";
				SWIFT_VERSION = 5.0;
			};
			name = Debug;
		};
		616A38C8252BDE260019F3BB /* Release */ = {
			isa = XCBuildConfiguration;
			buildSettings = {
				CODE_SIGN_STYLE = Automatic;
				PRODUCT_NAME = "$(TARGET_NAME)";
				SWIFT_VERSION = 5.0;
			};
			name = Release;
		};
/* End XCBuildConfiguration section */

/* Begin XCConfigurationList section */
		616A38BA252BDE260019F3BB /* Build configuration list for PBXProject "BlackJack" */ = {
			isa = XCConfigurationList;
			buildConfigurations = (
				616A38C4252BDE260019F3BB /* Debug */,
				616A38C5252BDE260019F3BB /* Release */,
			);
			defaultConfigurationIsVisible = 0;
			defaultConfigurationName = Release;
		};
		616A38C6252BDE260019F3BB /* Build configuration list for PBXNativeTarget "BlackJack" */ = {
			isa = XCConfigurationList;
			buildConfigurations = (
				616A38C7252BDE260019F3BB /* Debug */,
				616A38C8252BDE260019F3BB /* Release */,
			);
			defaultConfigurationIsVisible = 0;
			defaultConfigurationName = Release;
		};
/* End XCConfigurationList section */
	};
	rootObject = 616A38B7252BDE260019F3BB /* Project object */;
}
